// !$*UTF8*$!
{
	archiveVersion = 1;
	classes = {
	};
	objectVersion = 50;
	objects = {

/* Begin PBXBuildFile section */
		3524A60E23B349EC00430929 /* DataModel.xcdatamodeld in Sources */ = {isa = PBXBuildFile; fileRef = 3524A60C23B349EC00430929 /* DataModel.xcdatamodeld */; };
		3560B25623ADFC7B0031F84D /* AppDelegate.swift in Sources */ = {isa = PBXBuildFile; fileRef = 3560B25523ADFC7B0031F84D /* AppDelegate.swift */; };
		3560B25823ADFC7B0031F84D /* SceneDelegate.swift in Sources */ = {isa = PBXBuildFile; fileRef = 3560B25723ADFC7B0031F84D /* SceneDelegate.swift */; };
		3560B25D23ADFC7B0031F84D /* Main.storyboard in Resources */ = {isa = PBXBuildFile; fileRef = 3560B25B23ADFC7B0031F84D /* Main.storyboard */; };
		3560B25F23ADFC800031F84D /* Assets.xcassets in Resources */ = {isa = PBXBuildFile; fileRef = 3560B25E23ADFC800031F84D /* Assets.xcassets */; };
		3560B26223ADFC800031F84D /* LaunchScreen.storyboard in Resources */ = {isa = PBXBuildFile; fileRef = 3560B26023ADFC800031F84D /* LaunchScreen.storyboard */; };
		3560B26A23ADFF490031F84D /* TodoItemTblVC.swift in Sources */ = {isa = PBXBuildFile; fileRef = 3560B26923ADFF490031F84D /* TodoItemTblVC.swift */; };
		35F26A5823B7602000E0152D /* CategoryTblVC.swift in Sources */ = {isa = PBXBuildFile; fileRef = 35F26A5723B7602000E0152D /* CategoryTblVC.swift */; };
/* End PBXBuildFile section */

/* Begin PBXFileReference section */
		3524A60D23B349EC00430929 /* DataModel.xcdatamodel */ = {isa = PBXFileReference; lastKnownFileType = wrapper.xcdatamodel; path = DataModel.xcdatamodel; sourceTree = "<group>"; };
		3560B25223ADFC7B0031F84D /* TodoApp.app */ = {isa = PBXFileReference; explicitFileType = wrapper.application; includeInIndex = 0; path = TodoApp.app; sourceTree = BUILT_PRODUCTS_DIR; };
		3560B25523ADFC7B0031F84D /* AppDelegate.swift */ = {isa = PBXFileReference; lastKnownFileType = sourcecode.swift; path = AppDelegate.swift; sourceTree = "<group>"; };
		3560B25723ADFC7B0031F84D /* SceneDelegate.swift */ = {isa = PBXFileReference; lastKnownFileType = sourcecode.swift; path = SceneDelegate.swift; sourceTree = "<group>"; };
		3560B25C23ADFC7B0031F84D /* Base */ = {isa = PBXFileReference; lastKnownFileType = file.storyboard; name = Base; path = Base.lproj/Main.storyboard; sourceTree = "<group>"; };
		3560B25E23ADFC800031F84D /* Assets.xcassets */ = {isa = PBXFileReference; lastKnownFileType = folder.assetcatalog; path = Assets.xcassets; sourceTree = "<group>"; };
		3560B26123ADFC800031F84D /* Base */ = {isa = PBXFileReference; lastKnownFileType = file.storyboard; name = Base; path = Base.lproj/LaunchScreen.storyboard; sourceTree = "<group>"; };
		3560B26323ADFC800031F84D /* Info.plist */ = {isa = PBXFileReference; lastKnownFileType = text.plist.xml; path = Info.plist; sourceTree = "<group>"; };
		3560B26923ADFF490031F84D /* TodoItemTblVC.swift */ = {isa = PBXFileReference; lastKnownFileType = sourcecode.swift; path = TodoItemTblVC.swift; sourceTree = "<group>"; };
		35F26A5723B7602000E0152D /* CategoryTblVC.swift */ = {isa = PBXFileReference; lastKnownFileType = sourcecode.swift; path = CategoryTblVC.swift; sourceTree = "<group>"; };
/* End PBXFileReference section */

/* Begin PBXFrameworksBuildPhase section */
		3560B24F23ADFC7B0031F84D /* Frameworks */ = {
			isa = PBXFrameworksBuildPhase;
			buildActionMask = 2147483647;
			files = (
			);
			runOnlyForDeploymentPostprocessing = 0;
		};
/* End PBXFrameworksBuildPhase section */

/* Begin PBXGroup section */
		3524A60F23B34AEE00430929 /* DataModel */ = {
			isa = PBXGroup;
			children = (
				3524A60C23B349EC00430929 /* DataModel.xcdatamodeld */,
			);
			path = DataModel;
			sourceTree = "<group>";
		};
		3560B24923ADFC7B0031F84D = {
			isa = PBXGroup;
			children = (
				3560B25423ADFC7B0031F84D /* TodoApp */,
				3560B25323ADFC7B0031F84D /* Products */,
			);
			sourceTree = "<group>";
		};
		3560B25323ADFC7B0031F84D /* Products */ = {
			isa = PBXGroup;
			children = (
				3560B25223ADFC7B0031F84D /* TodoApp.app */,
			);
			name = Products;
			sourceTree = "<group>";
		};
		3560B25423ADFC7B0031F84D /* TodoApp */ = {
			isa = PBXGroup;
			children = (
				3560B25523ADFC7B0031F84D /* AppDelegate.swift */,
				3560B25723ADFC7B0031F84D /* SceneDelegate.swift */,
				3560B26323ADFC800031F84D /* Info.plist */,
				3560B26F23AE7ED70031F84D /* Model */,
				3560B26D23AE7EC00031F84D /* Views */,
				3560B26E23AE7ECE0031F84D /* Controllers */,
				3524A60F23B34AEE00430929 /* DataModel */,
				3560B27023AE7EE70031F84D /* Supporting Files */,
			);
			path = TodoApp;
			sourceTree = "<group>";
		};
		3560B26D23AE7EC00031F84D /* Views */ = {
			isa = PBXGroup;
			children = (
				3560B25B23ADFC7B0031F84D /* Main.storyboard */,
			);
			path = Views;
			sourceTree = "<group>";
		};
		3560B26E23AE7ECE0031F84D /* Controllers */ = {
			isa = PBXGroup;
			children = (
				3560B26923ADFF490031F84D /* TodoItemTblVC.swift */,
				35F26A5723B7602000E0152D /* CategoryTblVC.swift */,
			);
			path = Controllers;
			sourceTree = "<group>";
		};
		3560B26F23AE7ED70031F84D /* Model */ = {
			isa = PBXGroup;
			children = (
			);
			path = Model;
			sourceTree = "<group>";
		};
		3560B27023AE7EE70031F84D /* Supporting Files */ = {
			isa = PBXGroup;
			children = (
				3560B25E23ADFC800031F84D /* Assets.xcassets */,
				3560B26023ADFC800031F84D /* LaunchScreen.storyboard */,
			);
			path = "Supporting Files";
			sourceTree = "<group>";
		};
/* End PBXGroup section */

/* Begin PBXNativeTarget section */
		3560B25123ADFC7B0031F84D /* TodoApp */ = {
			isa = PBXNativeTarget;
			buildConfigurationList = 3560B26623ADFC800031F84D /* Build configuration list for PBXNativeTarget "TodoApp" */;
			buildPhases = (
				3560B24E23ADFC7B0031F84D /* Sources */,
				3560B24F23ADFC7B0031F84D /* Frameworks */,
				3560B25023ADFC7B0031F84D /* Resources */,
			);
			buildRules = (
			);
			dependencies = (
			);
			name = TodoApp;
			productName = TodoApp;
			productReference = 3560B25223ADFC7B0031F84D /* TodoApp.app */;
			productType = "com.apple.product-type.application";
		};
/* End PBXNativeTarget section */

/* Begin PBXProject section */
		3560B24A23ADFC7B0031F84D /* Project object */ = {
			isa = PBXProject;
			attributes = {
				LastSwiftUpdateCheck = 1110;
				LastUpgradeCheck = 1110;
				ORGANIZATIONNAME = Gopabandhu;
				TargetAttributes = {
					3560B25123ADFC7B0031F84D = {
						CreatedOnToolsVersion = 11.1;
					};
				};
			};
			buildConfigurationList = 3560B24D23ADFC7B0031F84D /* Build configuration list for PBXProject "TodoApp" */;
			compatibilityVersion = "Xcode 9.3";
			developmentRegion = en;
			hasScannedForEncodings = 0;
			knownRegions = (
				en,
				Base,
			);
			mainGroup = 3560B24923ADFC7B0031F84D;
			productRefGroup = 3560B25323ADFC7B0031F84D /* Products */;
			projectDirPath = "";
			projectRoot = "";
			targets = (
				3560B25123ADFC7B0031F84D /* TodoApp */,
			);
		};
/* End PBXProject section */

/* Begin PBXResourcesBuildPhase section */
		3560B25023ADFC7B0031F84D /* Resources */ = {
			isa = PBXResourcesBuildPhase;
			buildActionMask = 2147483647;
			files = (
				3560B26223ADFC800031F84D /* LaunchScreen.storyboard in Resources */,
				3560B25F23ADFC800031F84D /* Assets.xcassets in Resources */,
				3560B25D23ADFC7B0031F84D /* Main.storyboard in Resources */,
			);
			runOnlyForDeploymentPostprocessing = 0;
		};
/* End PBXResourcesBuildPhase section */

/* Begin PBXSourcesBuildPhase section */
		3560B24E23ADFC7B0031F84D /* Sources */ = {
			isa = PBXSourcesBuildPhase;
			buildActionMask = 2147483647;
			files = (
				3524A60E23B349EC00430929 /* DataModel.xcdatamodeld in Sources */,
				3560B25623ADFC7B0031F84D /* AppDelegate.swift in Sources */,
				3560B26A23ADFF490031F84D /* TodoItemTblVC.swift in Sources */,
				3560B25823ADFC7B0031F84D /* SceneDelegate.swift in Sources */,
				35F26A5823B7602000E0152D /* CategoryTblVC.swift in Sources */,
			);
			runOnlyForDeploymentPostprocessing = 0;
		};
/* End PBXSourcesBuildPhase section */

/* Begin PBXVariantGroup section */
		3560B25B23ADFC7B0031F84D /* Main.storyboard */ = {
			isa = PBXVariantGroup;
			children = (
				3560B25C23ADFC7B0031F84D /* Base */,
			);
			name = Main.storyboard;
			sourceTree = "<group>";
		};
		3560B26023ADFC800031F84D /* LaunchScreen.storyboard */ = {
			isa = PBXVariantGroup;
			children = (
				3560B26123ADFC800031F84D /* Base */,
			);
			name = LaunchScreen.storyboard;
			sourceTree = "<group>";
		};
/* End PBXVariantGroup section */

/* Begin XCBuildConfiguration section */
		3560B26423ADFC800031F84D /* Debug */ = {
			isa = XCBuildConfiguration;
			buildSettings = {
				ALWAYS_SEARCH_USER_PATHS = NO;
				CLANG_ANALYZER_NONNULL = YES;
				CLANG_ANALYZER_NUMBER_OBJECT_CONVERSION = YES_AGGRESSIVE;
				CLANG_CXX_LANGUAGE_STANDARD = "gnu++14";
				CLANG_CXX_LIBRARY = "libc++";
				CLANG_ENABLE_MODULES = YES;
				CLANG_ENABLE_OBJC_ARC = YES;
				CLANG_ENABLE_OBJC_WEAK = YES;
				CLANG_WARN_BLOCK_CAPTURE_AUTORELEASING = YES;
				CLANG_WARN_BOOL_CONVERSION = YES;
				CLANG_WARN_COMMA = YES;
				CLANG_WARN_CONSTANT_CONVERSION = YES;
				CLANG_WARN_DEPRECATED_OBJC_IMPLEMENTATIONS = YES;
				CLANG_WARN_DIRECT_OBJC_ISA_USAGE = YES_ERROR;
				CLANG_WARN_DOCUMENTATION_COMMENTS = YES;
				CLANG_WARN_EMPTY_BODY = YES;
				CLANG_WARN_ENUM_CONVERSION = YES;
				CLANG_WARN_INFINITE_RECURSION = YES;
				CLANG_WARN_INT_CONVERSION = YES;
				CLANG_WARN_NON_LITERAL_NULL_CONVERSION = YES;
				CLANG_WARN_OBJC_IMPLICIT_RETAIN_SELF = YES;
				CLANG_WARN_OBJC_LITERAL_CONVERSION = YES;
				CLANG_WARN_OBJC_ROOT_CLASS = YES_ERROR;
				CLANG_WARN_RANGE_LOOP_ANALYSIS = YES;
				CLANG_WARN_STRICT_PROTOTYPES = YES;
				CLANG_WARN_SUSPICIOUS_MOVE = YES;
				CLANG_WARN_UNGUARDED_AVAILABILITY = YES_AGGRESSIVE;
				CLANG_WARN_UNREACHABLE_CODE = YES;
				CLANG_WARN__DUPLICATE_METHOD_MATCH = YES;
				COPY_PHASE_STRIP = NO;
				DEBUG_INFORMATION_FORMAT = dwarf;
				ENABLE_STRICT_OBJC_MSGSEND = YES;
				ENABLE_TESTABILITY = YES;
				GCC_C_LANGUAGE_STANDARD = gnu11;
				GCC_DYNAMIC_NO_PIC = NO;
				GCC_NO_COMMON_BLOCKS = YES;
				GCC_OPTIMIZATION_LEVEL = 0;
				GCC_PREPROCESSOR_DEFINITIONS = (
					"DEBUG=1",
					"$(inherited)",
				);
				GCC_WARN_64_TO_32_BIT_CONVERSION = YES;
				GCC_WARN_ABOUT_RETURN_TYPE = YES_ERROR;
				GCC_WARN_UNDECLARED_SELECTOR = YES;
				GCC_WARN_UNINITIALIZED_AUTOS = YES_AGGRESSIVE;
				GCC_WARN_UNUSED_FUNCTION = YES;
				GCC_WARN_UNUSED_VARIABLE = YES;
				IPHONEOS_DEPLOYMENT_TARGET = 13.1;
				MTL_ENABLE_DEBUG_INFO = INCLUDE_SOURCE;
				MTL_FAST_MATH = YES;
				ONLY_ACTIVE_ARCH = YES;
				SDKROOT = iphoneos;
				SWIFT_ACTIVE_COMPILATION_CONDITIONS = DEBUG;
				SWIFT_OPTIMIZATION_LEVEL = "-Onone";
			};
			name = Debug;
		};
		3560B26523ADFC800031F84D /* Release */ = {
			isa = XCBuildConfiguration;
			buildSettings = {
				ALWAYS_SEARCH_USER_PATHS = NO;
				CLANG_ANALYZER_NONNULL = YES;
				CLANG_ANALYZER_NUMBER_OBJECT_CONVERSION = YES_AGGRESSIVE;
				CLANG_CXX_LANGUAGE_STANDARD = "gnu++14";
				CLANG_CXX_LIBRARY = "libc++";
				CLANG_ENABLE_MODULES = YES;
				CLANG_ENABLE_OBJC_ARC = YES;
				CLANG_ENABLE_OBJC_WEAK = YES;
				CLANG_WARN_BLOCK_CAPTURE_AUTORELEASING = YES;
				CLANG_WARN_BOOL_CONVERSION = YES;
				CLANG_WARN_COMMA = YES;
				CLANG_WARN_CONSTANT_CONVERSION = YES;
				CLANG_WARN_DEPRECATED_OBJC_IMPLEMENTATIONS = YES;
				CLANG_WARN_DIRECT_OBJC_ISA_USAGE = YES_ERROR;
				CLANG_WARN_DOCUMENTATION_COMMENTS = YES;
				CLANG_WARN_EMPTY_BODY = YES;
				CLANG_WARN_ENUM_CONVERSION = YES;
				CLANG_WARN_INFINITE_RECURSION = YES;
				CLANG_WARN_INT_CONVERSION = YES;
				CLANG_WARN_NON_LITERAL_NULL_CONVERSION = YES;
				CLANG_WARN_OBJC_IMPLICIT_RETAIN_SELF = YES;
				CLANG_WARN_OBJC_LITERAL_CONVERSION = YES;
				CLANG_WARN_OBJC_ROOT_CLASS = YES_ERROR;
				CLANG_WARN_RANGE_LOOP_ANALYSIS = YES;
				CLANG_WARN_STRICT_PROTOTYPES = YES;
				CLANG_WARN_SUSPICIOUS_MOVE = YES;
				CLANG_WARN_UNGUARDED_AVAILABILITY = YES_AGGRESSIVE;
				CLANG_WARN_UNREACHABLE_CODE = YES;
				CLANG_WARN__DUPLICATE_METHOD_MATCH = YES;
				COPY_PHASE_STRIP = NO;
				DEBUG_INFORMATION_FORMAT = "dwarf-with-dsym";
				ENABLE_NS_ASSERTIONS = NO;
				ENABLE_STRICT_OBJC_MSGSEND = YES;
				GCC_C_LANGUAGE_STANDARD = gnu11;
				GCC_NO_COMMON_BLOCKS = YES;
				GCC_WARN_64_TO_32_BIT_CONVERSION = YES;
				GCC_WARN_ABOUT_RETURN_TYPE = YES_ERROR;
				GCC_WARN_UNDECLARED_SELECTOR = YES;
				GCC_WARN_UNINITIALIZED_AUTOS = YES_AGGRESSIVE;
				GCC_WARN_UNUSED_FUNCTION = YES;
				GCC_WARN_UNUSED_VARIABLE = YES;
				IPHONEOS_DEPLOYMENT_TARGET = 13.1;
				MTL_ENABLE_DEBUG_INFO = NO;
				MTL_FAST_MATH = YES;
				SDKROOT = iphoneos;
				SWIFT_COMPILATION_MODE = wholemodule;
				SWIFT_OPTIMIZATION_LEVEL = "-O";
				VALIDATE_PRODUCT = YES;
			};
			name = Release;
		};
		3560B26723ADFC800031F84D /* Debug */ = {
			isa = XCBuildConfiguration;
			buildSettings = {
				ASSETCATALOG_COMPILER_APPICON_NAME = AppIcon;
				CODE_SIGN_STYLE = Automatic;
				INFOPLIST_FILE = TodoApp/Info.plist;
				LD_RUNPATH_SEARCH_PATHS = (
					"$(inherited)",
					"@executable_path/Frameworks",
				);
				PRODUCT_BUNDLE_IDENTIFIER = com.gd17.TodoApp;
				PRODUCT_NAME = "$(TARGET_NAME)";
				SWIFT_VERSION = 5.0;
				TARGETED_DEVICE_FAMILY = "1,2";
			};
			name = Debug;
		};
		3560B26823ADFC800031F84D /* Release */ = {
			isa = XCBuildConfiguration;
			buildSettings = {
				ASSETCATALOG_COMPILER_APPICON_NAME = AppIcon;
				CODE_SIGN_STYLE = Automatic;
				INFOPLIST_FILE = TodoApp/Info.plist;
				LD_RUNPATH_SEARCH_PATHS = (
					"$(inherited)",
					"@executable_path/Frameworks",
				);
				PRODUCT_BUNDLE_IDENTIFIER = com.gd17.TodoApp;
				PRODUCT_NAME = "$(TARGET_NAME)";
				SWIFT_VERSION = 5.0;
				TARGETED_DEVICE_FAMILY = "1,2";
			};
			name = Release;
		};
/* End XCBuildConfiguration section */

/* Begin XCConfigurationList section */
		3560B24D23ADFC7B0031F84D /* Build configuration list for PBXProject "TodoApp" */ = {
			isa = XCConfigurationList;
			buildConfigurations = (
				3560B26423ADFC800031F84D /* Debug */,
				3560B26523ADFC800031F84D /* Release */,
			);
			defaultConfigurationIsVisible = 0;
			defaultConfigurationName = Release;
		};
		3560B26623ADFC800031F84D /* Build configuration list for PBXNativeTarget "TodoApp" */ = {
			isa = XCConfigurationList;
			buildConfigurations = (
				3560B26723ADFC800031F84D /* Debug */,
				3560B26823ADFC800031F84D /* Release */,
			);
			defaultConfigurationIsVisible = 0;
			defaultConfigurationName = Release;
		};
/* End XCConfigurationList section */

/* Begin XCVersionGroup section */
		3524A60C23B349EC00430929 /* DataModel.xcdatamodeld */ = {
			isa = XCVersionGroup;
			children = (
				3524A60D23B349EC00430929 /* DataModel.xcdatamodel */,
			);
			currentVersion = 3524A60D23B349EC00430929 /* DataModel.xcdatamodel */;
			path = DataModel.xcdatamodeld;
			sourceTree = "<group>";
			versionGroupType = wrapper.xcdatamodel;
		};
/* End XCVersionGroup section */
	};
	rootObject = 3560B24A23ADFC7B0031F84D /* Project object */;
}
